
Microsoft Visual Studio Solution File, Format Version 12.00
# Visual Studio Version 17
VisualStudioVersion = 17.10.35027.167
MinimumVisualStudioVersion = 10.0.40219.1
Project("{8BC9CEB8-8B4A-11D0-8D11-00A0C91BC942}") = "Problem 1 - Multiples of 3 or 5", "Problem 1 - Multiples of 3 or 5\Problem 1 - Multiples of 3 or 5.vcxproj", "{11046930-4D7A-4192-9774-D732BFCFF535}"
EndProject
Project("{8BC9CEB8-8B4A-11D0-8D11-00A0C91BC942}") = "Problem 2 - Even Fibonacci Numbers (UNFINISHED)", "Problem 2 - Even Fibonacci Numbers\Problem 2 - Even Fibonacci Numbers.vcxproj", "{CA85D05E-EF0B-455F-9431-F8461A7DAA7A}"
EndProject
Project("{8BC9CEB8-8B4A-11D0-8D11-00A0C91BC942}") = "Problem 3 - Largest Prime Factor", "Problem 3 - Largest Prime Factor\Problem 3 - Largest Prime Factor.vcxproj", "{FD7E4B8D-AE10-47CC-B43B-1D42791BBB08}"
EndProject
Project("{8BC9CEB8-8B4A-11D0-8D11-00A0C91BC942}") = "Problem 4 - Largest Palindrome Product", "Problem 4 - Largest Palindrome Product\Problem 4 - Largest Palindrome Product.vcxproj", "{895D555A-D37E-4F41-99DA-DD8FB6FC1FF9}"
EndProject
Project("{8BC9CEB8-8B4A-11D0-8D11-00A0C91BC942}") = "Problem 5 - Smallest Multiple", "Problem 5 - Smallest Multiple\Problem 5 - Smallest Multiple.vcxproj", "{30F54EC1-5500-4AB2-AB85-ACEC90CBA665}"
EndProject
Project("{8BC9CEB8-8B4A-11D0-8D11-00A0C91BC942}") = "Problem 6 - Sum Square Difference", "Problem 6 - Sum Square Difference\Problem 6 - Sum Square Difference.vcxproj", "{67197764-8BD4-4E23-8468-12132E292C17}"
EndProject
Project("{8BC9CEB8-8B4A-11D0-8D11-00A0C91BC942}") = "Problem 7 - 10001st Prime", "Problem 7 - 10001st Prime\Problem 7 - 10001st Prime.vcxproj", "{DA27589A-FF62-453E-A498-BEF0136B0062}"
EndProject
Project("{8BC9CEB8-8B4A-11D0-8D11-00A0C91BC942}") = "Problem 8 - Largest Product in a Series", "Problem 8 - Largest Product in a Series\Problem 8 - Largest Product in a Series.vcxproj", "{6422AECD-B058-4772-89A6-74EEE02A1951}"
EndProject
Project("{8BC9CEB8-8B4A-11D0-8D11-00A0C91BC942}") = "Problem 9 - Special Pythagorean Triplet", "Problem 9 - Special Pythagorean Triplet\Problem 9 - Special Pythagorean Triplet.vcxproj", "{30DD2076-36F5-4E07-9578-F2495512ECC0}"
EndProject
Project("{8BC9CEB8-8B4A-11D0-8D11-00A0C91BC942}") = "Problem 10 - Summation of Primes", "Problem 10 - Summation of Primes\Problem 10 - Summation of Primes.vcxproj", "{90110595-A55A-4314-8CCB-B8534F3B97FE}"
EndProject
Project("{8BC9CEB8-8B4A-11D0-8D11-00A0C91BC942}") = "Problem 11 - Largest Product in a Grid", "Problem 11 - Largest Product in a Grid\Problem 11 - Largest Product in a Grid.vcxproj", "{CACA13DB-B44F-43EE-A0B3-6942BF0E99D9}"
EndProject
Project("{8BC9CEB8-8B4A-11D0-8D11-00A0C91BC942}") = "Problem 12 - Highly Divisible Triangular Number (UNFINISHED)", "Problem 12 - Highly Divisible Triangular Number\Problem 12 - Highly Divisible Triangular Number.vcxproj", "{3D6D3490-AD9F-488B-B4DC-6BBBD3FF3A72}"
EndProject
Project("{888888A0-9F3D-457C-B088-3A5042F75D52}") = "Problem 13 - Large Sum", "Problem 13 - Large Sum\Problem 13 - Large Sum.pyproj", "{942EF927-4BD5-439D-8E9F-761DF09FD8BD}"
EndProject
Project("{8BC9CEB8-8B4A-11D0-8D11-00A0C91BC942}") = "Problem 14 - Longest Collatz Sequence", "Problem 14 - Longest Collatz Sequence\Problem 14 - Longest Collatz Sequence.vcxproj", "{96D2B3FA-B7DD-4167-9D64-FB9F79AEBBA6}"
EndProject
Project("{8BC9CEB8-8B4A-11D0-8D11-00A0C91BC942}") = "Problem 15 - Lattice Paths", "Problem 15 - Lattice Paths\Problem 15 - Lattice Paths.vcxproj", "{65FE7193-A050-4B36-83BC-9CF0E8AB0445}"
EndProject
Project("{888888A0-9F3D-457C-B088-3A5042F75D52}") = "Problem 16 - Power Digit Sum", "Problem 16 - Power Digit Sum\Problem 16 - Power Digit Sum.pyproj", "{13ACFC4B-8A22-45EF-AD44-1CA988ADAB06}"
EndProject
Project("{8BC9CEB8-8B4A-11D0-8D11-00A0C91BC942}") = "Problem 17 - Number Letter Counts", "Problem 17 - Number Letter Counts\Problem 17 - Number Letter Counts.vcxproj", "{4CB15444-262B-4331-AF2B-A2D5AB7A1A64}"
EndProject
Project("{8BC9CEB8-8B4A-11D0-8D11-00A0C91BC942}") = "Problem 18 - Maximum Path Sum I", "Problem 18 - Maximum Path Sum I\Problem 18 - Maximum Path Sum I.vcxproj", "{93B3A945-2F45-48EA-BCD0-4AD5A252C2F2}"
EndProject
Project("{888888A0-9F3D-457C-B088-3A5042F75D52}") = "Problem 20 - Factorial Digit Sum", "Problem 20 - Factorial Digit Sum\Problem 20 - Factorial Digit Sum.pyproj", "{94396E8D-B5D0-43CF-91E2-80B555E3162D}"
EndProject
Project("{8BC9CEB8-8B4A-11D0-8D11-00A0C91BC942}") = "Problem 21 - Amicable Numbers", "Problem 21 - Amicable Numbers\Problem 21 - Amicable Numbers.vcxproj", "{2B754F99-FBD1-461C-852F-E2064D443DF1}"
EndProject
Project("{8BC9CEB8-8B4A-11D0-8D11-00A0C91BC942}") = "Problem 23 - Non-Abundant Sums", "Problem 23 - Non-Abundant Sums\Problem 23 - Non-Abundant Sums.vcxproj", "{C6D6708A-9285-415C-B2EF-A49947BAD55B}"
EndProject
Project("{888888A0-9F3D-457C-B088-3A5042F75D52}") = "Problem 25 - 1000-digit Fibonacci Number", "Problem 25 - 1000-digit Fibonacci Number\Problem 25 - 1000-digit Fibonacci Number.pyproj", "{044A01DA-0B4B-4B7F-8917-B58E2D8B2850}"
EndProject
Project("{8BC9CEB8-8B4A-11D0-8D11-00A0C91BC942}") = "Problem 27 - Quadratic Primes", "Problem 27 - Quadratic Primes\Problem 27 - Quadratic Primes.vcxproj", "{D9D65A12-CB18-4BA5-ADD9-5085E1F09542}"
EndProject
Project("{8BC9CEB8-8B4A-11D0-8D11-00A0C91BC942}") = "Problem 28 - Number Spiral Diagonals", "Problem 28 - Number Spiral Diagonals\Problem 28 - Number Spiral Diagonals.vcxproj", "{1E13C4CD-D292-47AB-A17C-338DEBE396FE}"
EndProject
Project("{888888A0-9F3D-457C-B088-3A5042F75D52}") = "Problem 29 - Distinct Powers", "Problem 29 - Distinct Powers\Problem 29 - Distinct Powers.pyproj", "{C2EB6ED0-E7B1-4F61-8C11-CE8D34A5443C}"
EndProject
Project("{8BC9CEB8-8B4A-11D0-8D11-00A0C91BC942}") = "Problem 30 - Digit Fifth Powers", "Problem 30 - Digit Fifth Powers\Problem 30 - Digit Fifth Powers.vcxproj", "{E1E7B19C-F9A5-4DDE-A467-49FE5E4995E8}"
EndProject
Project("{8BC9CEB8-8B4A-11D0-8D11-00A0C91BC942}") = "Problem 31 - Coin Sums", "Problem 31 - Coin Sums\Problem 31 - Coin Sums.vcxproj", "{DBE1483A-B470-428F-A11C-70A175EC66CE}"
EndProject
Project("{8BC9CEB8-8B4A-11D0-8D11-00A0C91BC942}") = "Problem 19 - Counting Sundays", "Problem 19 - Counting Sundays\Problem 19 - Counting Sundays.vcxproj", "{96C6C0F0-6D6D-44DF-AF64-9C221B3ECD07}"
EndProject
Global
	GlobalSection(SolutionConfigurationPlatforms) = preSolution
		Debug|Any CPU = Debug|Any CPU
		Debug|x64 = Debug|x64
		Debug|x86 = Debug|x86
		Release|Any CPU = Release|Any CPU
		Release|x64 = Release|x64
		Release|x86 = Release|x86
	EndGlobalSection
	GlobalSection(ProjectConfigurationPlatforms) = postSolution
		{11046930-4D7A-4192-9774-D732BFCFF535}.Debug|Any CPU.ActiveCfg = Debug|x64
		{11046930-4D7A-4192-9774-D732BFCFF535}.Debug|Any CPU.Build.0 = Debug|x64
		{11046930-4D7A-4192-9774-D732BFCFF535}.Debug|x64.ActiveCfg = Debug|x64
		{11046930-4D7A-4192-9774-D732BFCFF535}.Debug|x64.Build.0 = Debug|x64
		{11046930-4D7A-4192-9774-D732BFCFF535}.Debug|x86.ActiveCfg = Debug|Win32
		{11046930-4D7A-4192-9774-D732BFCFF535}.Debug|x86.Build.0 = Debug|Win32
		{11046930-4D7A-4192-9774-D732BFCFF535}.Release|Any CPU.ActiveCfg = Release|x64
		{11046930-4D7A-4192-9774-D732BFCFF535}.Release|Any CPU.Build.0 = Release|x64
		{11046930-4D7A-4192-9774-D732BFCFF535}.Release|x64.ActiveCfg = Release|x64
		{11046930-4D7A-4192-9774-D732BFCFF535}.Release|x64.Build.0 = Release|x64
		{11046930-4D7A-4192-9774-D732BFCFF535}.Release|x86.ActiveCfg = Release|Win32
		{11046930-4D7A-4192-9774-D732BFCFF535}.Release|x86.Build.0 = Release|Win32
		{CA85D05E-EF0B-455F-9431-F8461A7DAA7A}.Debug|Any CPU.ActiveCfg = Debug|x64
		{CA85D05E-EF0B-455F-9431-F8461A7DAA7A}.Debug|Any CPU.Build.0 = Debug|x64
		{CA85D05E-EF0B-455F-9431-F8461A7DAA7A}.Debug|x64.ActiveCfg = Debug|x64
		{CA85D05E-EF0B-455F-9431-F8461A7DAA7A}.Debug|x64.Build.0 = Debug|x64
		{CA85D05E-EF0B-455F-9431-F8461A7DAA7A}.Debug|x86.ActiveCfg = Debug|Win32
		{CA85D05E-EF0B-455F-9431-F8461A7DAA7A}.Debug|x86.Build.0 = Debug|Win32
		{CA85D05E-EF0B-455F-9431-F8461A7DAA7A}.Release|Any CPU.ActiveCfg = Release|x64
		{CA85D05E-EF0B-455F-9431-F8461A7DAA7A}.Release|Any CPU.Build.0 = Release|x64
		{CA85D05E-EF0B-455F-9431-F8461A7DAA7A}.Release|x64.ActiveCfg = Release|x64
		{CA85D05E-EF0B-455F-9431-F8461A7DAA7A}.Release|x64.Build.0 = Release|x64
		{CA85D05E-EF0B-455F-9431-F8461A7DAA7A}.Release|x86.ActiveCfg = Release|Win32
		{CA85D05E-EF0B-455F-9431-F8461A7DAA7A}.Release|x86.Build.0 = Release|Win32
		{FD7E4B8D-AE10-47CC-B43B-1D42791BBB08}.Debug|Any CPU.ActiveCfg = Debug|x64
		{FD7E4B8D-AE10-47CC-B43B-1D42791BBB08}.Debug|Any CPU.Build.0 = Debug|x64
		{FD7E4B8D-AE10-47CC-B43B-1D42791BBB08}.Debug|x64.ActiveCfg = Debug|x64
		{FD7E4B8D-AE10-47CC-B43B-1D42791BBB08}.Debug|x64.Build.0 = Debug|x64
		{FD7E4B8D-AE10-47CC-B43B-1D42791BBB08}.Debug|x86.ActiveCfg = Debug|Win32
		{FD7E4B8D-AE10-47CC-B43B-1D42791BBB08}.Debug|x86.Build.0 = Debug|Win32
		{FD7E4B8D-AE10-47CC-B43B-1D42791BBB08}.Release|Any CPU.ActiveCfg = Release|x64
		{FD7E4B8D-AE10-47CC-B43B-1D42791BBB08}.Release|Any CPU.Build.0 = Release|x64
		{FD7E4B8D-AE10-47CC-B43B-1D42791BBB08}.Release|x64.ActiveCfg = Release|x64
		{FD7E4B8D-AE10-47CC-B43B-1D42791BBB08}.Release|x64.Build.0 = Release|x64
		{FD7E4B8D-AE10-47CC-B43B-1D42791BBB08}.Release|x86.ActiveCfg = Release|Win32
		{FD7E4B8D-AE10-47CC-B43B-1D42791BBB08}.Release|x86.Build.0 = Release|Win32
		{895D555A-D37E-4F41-99DA-DD8FB6FC1FF9}.Debug|Any CPU.ActiveCfg = Debug|x64
		{895D555A-D37E-4F41-99DA-DD8FB6FC1FF9}.Debug|Any CPU.Build.0 = Debug|x64
		{895D555A-D37E-4F41-99DA-DD8FB6FC1FF9}.Debug|x64.ActiveCfg = Debug|x64
		{895D555A-D37E-4F41-99DA-DD8FB6FC1FF9}.Debug|x64.Build.0 = Debug|x64
		{895D555A-D37E-4F41-99DA-DD8FB6FC1FF9}.Debug|x86.ActiveCfg = Debug|Win32
		{895D555A-D37E-4F41-99DA-DD8FB6FC1FF9}.Debug|x86.Build.0 = Debug|Win32
		{895D555A-D37E-4F41-99DA-DD8FB6FC1FF9}.Release|Any CPU.ActiveCfg = Release|x64
		{895D555A-D37E-4F41-99DA-DD8FB6FC1FF9}.Release|Any CPU.Build.0 = Release|x64
		{895D555A-D37E-4F41-99DA-DD8FB6FC1FF9}.Release|x64.ActiveCfg = Release|x64
		{895D555A-D37E-4F41-99DA-DD8FB6FC1FF9}.Release|x64.Build.0 = Release|x64
		{895D555A-D37E-4F41-99DA-DD8FB6FC1FF9}.Release|x86.ActiveCfg = Release|Win32
		{895D555A-D37E-4F41-99DA-DD8FB6FC1FF9}.Release|x86.Build.0 = Release|Win32
		{30F54EC1-5500-4AB2-AB85-ACEC90CBA665}.Debug|Any CPU.ActiveCfg = Debug|x64
		{30F54EC1-5500-4AB2-AB85-ACEC90CBA665}.Debug|Any CPU.Build.0 = Debug|x64
		{30F54EC1-5500-4AB2-AB85-ACEC90CBA665}.Debug|x64.ActiveCfg = Debug|x64
		{30F54EC1-5500-4AB2-AB85-ACEC90CBA665}.Debug|x64.Build.0 = Debug|x64
		{30F54EC1-5500-4AB2-AB85-ACEC90CBA665}.Debug|x86.ActiveCfg = Debug|Win32
		{30F54EC1-5500-4AB2-AB85-ACEC90CBA665}.Debug|x86.Build.0 = Debug|Win32
		{30F54EC1-5500-4AB2-AB85-ACEC90CBA665}.Release|Any CPU.ActiveCfg = Release|x64
		{30F54EC1-5500-4AB2-AB85-ACEC90CBA665}.Release|Any CPU.Build.0 = Release|x64
		{30F54EC1-5500-4AB2-AB85-ACEC90CBA665}.Release|x64.ActiveCfg = Release|x64
		{30F54EC1-5500-4AB2-AB85-ACEC90CBA665}.Release|x64.Build.0 = Release|x64
		{30F54EC1-5500-4AB2-AB85-ACEC90CBA665}.Release|x86.ActiveCfg = Release|Win32
		{30F54EC1-5500-4AB2-AB85-ACEC90CBA665}.Release|x86.Build.0 = Release|Win32
		{67197764-8BD4-4E23-8468-12132E292C17}.Debug|Any CPU.ActiveCfg = Debug|x64
		{67197764-8BD4-4E23-8468-12132E292C17}.Debug|Any CPU.Build.0 = Debug|x64
		{67197764-8BD4-4E23-8468-12132E292C17}.Debug|x64.ActiveCfg = Debug|x64
		{67197764-8BD4-4E23-8468-12132E292C17}.Debug|x64.Build.0 = Debug|x64
		{67197764-8BD4-4E23-8468-12132E292C17}.Debug|x86.ActiveCfg = Debug|Win32
		{67197764-8BD4-4E23-8468-12132E292C17}.Debug|x86.Build.0 = Debug|Win32
		{67197764-8BD4-4E23-8468-12132E292C17}.Release|Any CPU.ActiveCfg = Release|x64
		{67197764-8BD4-4E23-8468-12132E292C17}.Release|Any CPU.Build.0 = Release|x64
		{67197764-8BD4-4E23-8468-12132E292C17}.Release|x64.ActiveCfg = Release|x64
		{67197764-8BD4-4E23-8468-12132E292C17}.Release|x64.Build.0 = Release|x64
		{67197764-8BD4-4E23-8468-12132E292C17}.Release|x86.ActiveCfg = Release|Win32
		{67197764-8BD4-4E23-8468-12132E292C17}.Release|x86.Build.0 = Release|Win32
		{DA27589A-FF62-453E-A498-BEF0136B0062}.Debug|Any CPU.ActiveCfg = Debug|x64
		{DA27589A-FF62-453E-A498-BEF0136B0062}.Debug|Any CPU.Build.0 = Debug|x64
		{DA27589A-FF62-453E-A498-BEF0136B0062}.Debug|x64.ActiveCfg = Debug|x64
		{DA27589A-FF62-453E-A498-BEF0136B0062}.Debug|x64.Build.0 = Debug|x64
		{DA27589A-FF62-453E-A498-BEF0136B0062}.Debug|x86.ActiveCfg = Debug|Win32
		{DA27589A-FF62-453E-A498-BEF0136B0062}.Debug|x86.Build.0 = Debug|Win32
		{DA27589A-FF62-453E-A498-BEF0136B0062}.Release|Any CPU.ActiveCfg = Release|x64
		{DA27589A-FF62-453E-A498-BEF0136B0062}.Release|Any CPU.Build.0 = Release|x64
		{DA27589A-FF62-453E-A498-BEF0136B0062}.Release|x64.ActiveCfg = Release|x64
		{DA27589A-FF62-453E-A498-BEF0136B0062}.Release|x64.Build.0 = Release|x64
		{DA27589A-FF62-453E-A498-BEF0136B0062}.Release|x86.ActiveCfg = Release|Win32
		{DA27589A-FF62-453E-A498-BEF0136B0062}.Release|x86.Build.0 = Release|Win32
		{6422AECD-B058-4772-89A6-74EEE02A1951}.Debug|Any CPU.ActiveCfg = Debug|x64
		{6422AECD-B058-4772-89A6-74EEE02A1951}.Debug|Any CPU.Build.0 = Debug|x64
		{6422AECD-B058-4772-89A6-74EEE02A1951}.Debug|x64.ActiveCfg = Debug|x64
		{6422AECD-B058-4772-89A6-74EEE02A1951}.Debug|x64.Build.0 = Debug|x64
		{6422AECD-B058-4772-89A6-74EEE02A1951}.Debug|x86.ActiveCfg = Debug|Win32
		{6422AECD-B058-4772-89A6-74EEE02A1951}.Debug|x86.Build.0 = Debug|Win32
		{6422AECD-B058-4772-89A6-74EEE02A1951}.Release|Any CPU.ActiveCfg = Release|x64
		{6422AECD-B058-4772-89A6-74EEE02A1951}.Release|Any CPU.Build.0 = Release|x64
		{6422AECD-B058-4772-89A6-74EEE02A1951}.Release|x64.ActiveCfg = Release|x64
		{6422AECD-B058-4772-89A6-74EEE02A1951}.Release|x64.Build.0 = Release|x64
		{6422AECD-B058-4772-89A6-74EEE02A1951}.Release|x86.ActiveCfg = Release|Win32
		{6422AECD-B058-4772-89A6-74EEE02A1951}.Release|x86.Build.0 = Release|Win32
		{30DD2076-36F5-4E07-9578-F2495512ECC0}.Debug|Any CPU.ActiveCfg = Debug|x64
		{30DD2076-36F5-4E07-9578-F2495512ECC0}.Debug|Any CPU.Build.0 = Debug|x64
		{30DD2076-36F5-4E07-9578-F2495512ECC0}.Debug|x64.ActiveCfg = Debug|x64
		{30DD2076-36F5-4E07-9578-F2495512ECC0}.Debug|x64.Build.0 = Debug|x64
		{30DD2076-36F5-4E07-9578-F2495512ECC0}.Debug|x86.ActiveCfg = Debug|Win32
		{30DD2076-36F5-4E07-9578-F2495512ECC0}.Debug|x86.Build.0 = Debug|Win32
		{30DD2076-36F5-4E07-9578-F2495512ECC0}.Release|Any CPU.ActiveCfg = Release|x64
		{30DD2076-36F5-4E07-9578-F2495512ECC0}.Release|Any CPU.Build.0 = Release|x64
		{30DD2076-36F5-4E07-9578-F2495512ECC0}.Release|x64.ActiveCfg = Release|x64
		{30DD2076-36F5-4E07-9578-F2495512ECC0}.Release|x64.Build.0 = Release|x64
		{30DD2076-36F5-4E07-9578-F2495512ECC0}.Release|x86.ActiveCfg = Release|Win32
		{30DD2076-36F5-4E07-9578-F2495512ECC0}.Release|x86.Build.0 = Release|Win32
		{90110595-A55A-4314-8CCB-B8534F3B97FE}.Debug|Any CPU.ActiveCfg = Debug|x64
		{90110595-A55A-4314-8CCB-B8534F3B97FE}.Debug|Any CPU.Build.0 = Debug|x64
		{90110595-A55A-4314-8CCB-B8534F3B97FE}.Debug|x64.ActiveCfg = Debug|x64
		{90110595-A55A-4314-8CCB-B8534F3B97FE}.Debug|x64.Build.0 = Debug|x64
		{90110595-A55A-4314-8CCB-B8534F3B97FE}.Debug|x86.ActiveCfg = Debug|Win32
		{90110595-A55A-4314-8CCB-B8534F3B97FE}.Debug|x86.Build.0 = Debug|Win32
		{90110595-A55A-4314-8CCB-B8534F3B97FE}.Release|Any CPU.ActiveCfg = Release|x64
		{90110595-A55A-4314-8CCB-B8534F3B97FE}.Release|Any CPU.Build.0 = Release|x64
		{90110595-A55A-4314-8CCB-B8534F3B97FE}.Release|x64.ActiveCfg = Release|x64
		{90110595-A55A-4314-8CCB-B8534F3B97FE}.Release|x64.Build.0 = Release|x64
		{90110595-A55A-4314-8CCB-B8534F3B97FE}.Release|x86.ActiveCfg = Release|Win32
		{90110595-A55A-4314-8CCB-B8534F3B97FE}.Release|x86.Build.0 = Release|Win32
		{CACA13DB-B44F-43EE-A0B3-6942BF0E99D9}.Debug|Any CPU.ActiveCfg = Debug|x64
		{CACA13DB-B44F-43EE-A0B3-6942BF0E99D9}.Debug|Any CPU.Build.0 = Debug|x64
		{CACA13DB-B44F-43EE-A0B3-6942BF0E99D9}.Debug|x64.ActiveCfg = Debug|x64
		{CACA13DB-B44F-43EE-A0B3-6942BF0E99D9}.Debug|x64.Build.0 = Debug|x64
		{CACA13DB-B44F-43EE-A0B3-6942BF0E99D9}.Debug|x86.ActiveCfg = Debug|Win32
		{CACA13DB-B44F-43EE-A0B3-6942BF0E99D9}.Debug|x86.Build.0 = Debug|Win32
		{CACA13DB-B44F-43EE-A0B3-6942BF0E99D9}.Release|Any CPU.ActiveCfg = Release|x64
		{CACA13DB-B44F-43EE-A0B3-6942BF0E99D9}.Release|Any CPU.Build.0 = Release|x64
		{CACA13DB-B44F-43EE-A0B3-6942BF0E99D9}.Release|x64.ActiveCfg = Release|x64
		{CACA13DB-B44F-43EE-A0B3-6942BF0E99D9}.Release|x64.Build.0 = Release|x64
		{CACA13DB-B44F-43EE-A0B3-6942BF0E99D9}.Release|x86.ActiveCfg = Release|Win32
		{CACA13DB-B44F-43EE-A0B3-6942BF0E99D9}.Release|x86.Build.0 = Release|Win32
		{3D6D3490-AD9F-488B-B4DC-6BBBD3FF3A72}.Debug|Any CPU.ActiveCfg = Debug|x64
		{3D6D3490-AD9F-488B-B4DC-6BBBD3FF3A72}.Debug|Any CPU.Build.0 = Debug|x64
		{3D6D3490-AD9F-488B-B4DC-6BBBD3FF3A72}.Debug|x64.ActiveCfg = Debug|x64
		{3D6D3490-AD9F-488B-B4DC-6BBBD3FF3A72}.Debug|x64.Build.0 = Debug|x64
		{3D6D3490-AD9F-488B-B4DC-6BBBD3FF3A72}.Debug|x86.ActiveCfg = Debug|Win32
		{3D6D3490-AD9F-488B-B4DC-6BBBD3FF3A72}.Debug|x86.Build.0 = Debug|Win32
		{3D6D3490-AD9F-488B-B4DC-6BBBD3FF3A72}.Release|Any CPU.ActiveCfg = Release|x64
		{3D6D3490-AD9F-488B-B4DC-6BBBD3FF3A72}.Release|Any CPU.Build.0 = Release|x64
		{3D6D3490-AD9F-488B-B4DC-6BBBD3FF3A72}.Release|x64.ActiveCfg = Release|x64
		{3D6D3490-AD9F-488B-B4DC-6BBBD3FF3A72}.Release|x64.Build.0 = Release|x64
		{3D6D3490-AD9F-488B-B4DC-6BBBD3FF3A72}.Release|x86.ActiveCfg = Release|Win32
		{3D6D3490-AD9F-488B-B4DC-6BBBD3FF3A72}.Release|x86.Build.0 = Release|Win32
		{942EF927-4BD5-439D-8E9F-761DF09FD8BD}.Debug|Any CPU.ActiveCfg = Debug|Any CPU
		{942EF927-4BD5-439D-8E9F-761DF09FD8BD}.Debug|x64.ActiveCfg = Debug|Any CPU
		{942EF927-4BD5-439D-8E9F-761DF09FD8BD}.Debug|x86.ActiveCfg = Debug|Any CPU
		{942EF927-4BD5-439D-8E9F-761DF09FD8BD}.Release|Any CPU.ActiveCfg = Release|Any CPU
		{942EF927-4BD5-439D-8E9F-761DF09FD8BD}.Release|x64.ActiveCfg = Release|Any CPU
		{942EF927-4BD5-439D-8E9F-761DF09FD8BD}.Release|x86.ActiveCfg = Release|Any CPU
		{96D2B3FA-B7DD-4167-9D64-FB9F79AEBBA6}.Debug|Any CPU.ActiveCfg = Debug|x64
		{96D2B3FA-B7DD-4167-9D64-FB9F79AEBBA6}.Debug|Any CPU.Build.0 = Debug|x64
		{96D2B3FA-B7DD-4167-9D64-FB9F79AEBBA6}.Debug|x64.ActiveCfg = Debug|x64
		{96D2B3FA-B7DD-4167-9D64-FB9F79AEBBA6}.Debug|x64.Build.0 = Debug|x64
		{96D2B3FA-B7DD-4167-9D64-FB9F79AEBBA6}.Debug|x86.ActiveCfg = Debug|Win32
		{96D2B3FA-B7DD-4167-9D64-FB9F79AEBBA6}.Debug|x86.Build.0 = Debug|Win32
		{96D2B3FA-B7DD-4167-9D64-FB9F79AEBBA6}.Release|Any CPU.ActiveCfg = Release|x64
		{96D2B3FA-B7DD-4167-9D64-FB9F79AEBBA6}.Release|Any CPU.Build.0 = Release|x64
		{96D2B3FA-B7DD-4167-9D64-FB9F79AEBBA6}.Release|x64.ActiveCfg = Release|x64
		{96D2B3FA-B7DD-4167-9D64-FB9F79AEBBA6}.Release|x64.Build.0 = Release|x64
		{96D2B3FA-B7DD-4167-9D64-FB9F79AEBBA6}.Release|x86.ActiveCfg = Release|Win32
		{96D2B3FA-B7DD-4167-9D64-FB9F79AEBBA6}.Release|x86.Build.0 = Release|Win32
		{65FE7193-A050-4B36-83BC-9CF0E8AB0445}.Debug|Any CPU.ActiveCfg = Debug|x64
		{65FE7193-A050-4B36-83BC-9CF0E8AB0445}.Debug|Any CPU.Build.0 = Debug|x64
		{65FE7193-A050-4B36-83BC-9CF0E8AB0445}.Debug|x64.ActiveCfg = Debug|x64
		{65FE7193-A050-4B36-83BC-9CF0E8AB0445}.Debug|x64.Build.0 = Debug|x64
		{65FE7193-A050-4B36-83BC-9CF0E8AB0445}.Debug|x86.ActiveCfg = Debug|Win32
		{65FE7193-A050-4B36-83BC-9CF0E8AB0445}.Debug|x86.Build.0 = Debug|Win32
		{65FE7193-A050-4B36-83BC-9CF0E8AB0445}.Release|Any CPU.ActiveCfg = Release|x64
		{65FE7193-A050-4B36-83BC-9CF0E8AB0445}.Release|Any CPU.Build.0 = Release|x64
		{65FE7193-A050-4B36-83BC-9CF0E8AB0445}.Release|x64.ActiveCfg = Release|x64
		{65FE7193-A050-4B36-83BC-9CF0E8AB0445}.Release|x64.Build.0 = Release|x64
		{65FE7193-A050-4B36-83BC-9CF0E8AB0445}.Release|x86.ActiveCfg = Release|Win32
		{65FE7193-A050-4B36-83BC-9CF0E8AB0445}.Release|x86.Build.0 = Release|Win32
		{13ACFC4B-8A22-45EF-AD44-1CA988ADAB06}.Debug|Any CPU.ActiveCfg = Debug|Any CPU
		{13ACFC4B-8A22-45EF-AD44-1CA988ADAB06}.Debug|x64.ActiveCfg = Debug|Any CPU
		{13ACFC4B-8A22-45EF-AD44-1CA988ADAB06}.Debug|x86.ActiveCfg = Debug|Any CPU
		{13ACFC4B-8A22-45EF-AD44-1CA988ADAB06}.Release|Any CPU.ActiveCfg = Release|Any CPU
		{13ACFC4B-8A22-45EF-AD44-1CA988ADAB06}.Release|x64.ActiveCfg = Release|Any CPU
		{13ACFC4B-8A22-45EF-AD44-1CA988ADAB06}.Release|x86.ActiveCfg = Release|Any CPU
		{4CB15444-262B-4331-AF2B-A2D5AB7A1A64}.Debug|Any CPU.ActiveCfg = Debug|x64
		{4CB15444-262B-4331-AF2B-A2D5AB7A1A64}.Debug|Any CPU.Build.0 = Debug|x64
		{4CB15444-262B-4331-AF2B-A2D5AB7A1A64}.Debug|x64.ActiveCfg = Debug|x64
		{4CB15444-262B-4331-AF2B-A2D5AB7A1A64}.Debug|x64.Build.0 = Debug|x64
		{4CB15444-262B-4331-AF2B-A2D5AB7A1A64}.Debug|x86.ActiveCfg = Debug|Win32
		{4CB15444-262B-4331-AF2B-A2D5AB7A1A64}.Debug|x86.Build.0 = Debug|Win32
		{4CB15444-262B-4331-AF2B-A2D5AB7A1A64}.Release|Any CPU.ActiveCfg = Release|x64
		{4CB15444-262B-4331-AF2B-A2D5AB7A1A64}.Release|Any CPU.Build.0 = Release|x64
		{4CB15444-262B-4331-AF2B-A2D5AB7A1A64}.Release|x64.ActiveCfg = Release|x64
		{4CB15444-262B-4331-AF2B-A2D5AB7A1A64}.Release|x64.Build.0 = Release|x64
		{4CB15444-262B-4331-AF2B-A2D5AB7A1A64}.Release|x86.ActiveCfg = Release|Win32
		{4CB15444-262B-4331-AF2B-A2D5AB7A1A64}.Release|x86.Build.0 = Release|Win32
		{93B3A945-2F45-48EA-BCD0-4AD5A252C2F2}.Debug|Any CPU.ActiveCfg = Debug|x64
		{93B3A945-2F45-48EA-BCD0-4AD5A252C2F2}.Debug|Any CPU.Build.0 = Debug|x64
		{93B3A945-2F45-48EA-BCD0-4AD5A252C2F2}.Debug|x64.ActiveCfg = Debug|x64
		{93B3A945-2F45-48EA-BCD0-4AD5A252C2F2}.Debug|x64.Build.0 = Debug|x64
		{93B3A945-2F45-48EA-BCD0-4AD5A252C2F2}.Debug|x86.ActiveCfg = Debug|Win32
		{93B3A945-2F45-48EA-BCD0-4AD5A252C2F2}.Debug|x86.Build.0 = Debug|Win32
		{93B3A945-2F45-48EA-BCD0-4AD5A252C2F2}.Release|Any CPU.ActiveCfg = Release|x64
		{93B3A945-2F45-48EA-BCD0-4AD5A252C2F2}.Release|Any CPU.Build.0 = Release|x64
		{93B3A945-2F45-48EA-BCD0-4AD5A252C2F2}.Release|x64.ActiveCfg = Release|x64
		{93B3A945-2F45-48EA-BCD0-4AD5A252C2F2}.Release|x64.Build.0 = Release|x64
		{93B3A945-2F45-48EA-BCD0-4AD5A252C2F2}.Release|x86.ActiveCfg = Release|Win32
		{93B3A945-2F45-48EA-BCD0-4AD5A252C2F2}.Release|x86.Build.0 = Release|Win32
		{94396E8D-B5D0-43CF-91E2-80B555E3162D}.Debug|Any CPU.ActiveCfg = Debug|Any CPU
		{94396E8D-B5D0-43CF-91E2-80B555E3162D}.Debug|x64.ActiveCfg = Debug|Any CPU
		{94396E8D-B5D0-43CF-91E2-80B555E3162D}.Debug|x86.ActiveCfg = Debug|Any CPU
		{94396E8D-B5D0-43CF-91E2-80B555E3162D}.Release|Any CPU.ActiveCfg = Release|Any CPU
		{94396E8D-B5D0-43CF-91E2-80B555E3162D}.Release|x64.ActiveCfg = Release|Any CPU
		{94396E8D-B5D0-43CF-91E2-80B555E3162D}.Release|x86.ActiveCfg = Release|Any CPU
		{2B754F99-FBD1-461C-852F-E2064D443DF1}.Debug|Any CPU.ActiveCfg = Debug|x64
		{2B754F99-FBD1-461C-852F-E2064D443DF1}.Debug|Any CPU.Build.0 = Debug|x64
		{2B754F99-FBD1-461C-852F-E2064D443DF1}.Debug|x64.ActiveCfg = Debug|x64
		{2B754F99-FBD1-461C-852F-E2064D443DF1}.Debug|x64.Build.0 = Debug|x64
		{2B754F99-FBD1-461C-852F-E2064D443DF1}.Debug|x86.ActiveCfg = Debug|Win32
		{2B754F99-FBD1-461C-852F-E2064D443DF1}.Debug|x86.Build.0 = Debug|Win32
		{2B754F99-FBD1-461C-852F-E2064D443DF1}.Release|Any CPU.ActiveCfg = Release|x64
		{2B754F99-FBD1-461C-852F-E2064D443DF1}.Release|Any CPU.Build.0 = Release|x64
		{2B754F99-FBD1-461C-852F-E2064D443DF1}.Release|x64.ActiveCfg = Release|x64
		{2B754F99-FBD1-461C-852F-E2064D443DF1}.Release|x64.Build.0 = Release|x64
		{2B754F99-FBD1-461C-852F-E2064D443DF1}.Release|x86.ActiveCfg = Release|Win32
		{2B754F99-FBD1-461C-852F-E2064D443DF1}.Release|x86.Build.0 = Release|Win32
		{C6D6708A-9285-415C-B2EF-A49947BAD55B}.Debug|Any CPU.ActiveCfg = Debug|x64
		{C6D6708A-9285-415C-B2EF-A49947BAD55B}.Debug|Any CPU.Build.0 = Debug|x64
		{C6D6708A-9285-415C-B2EF-A49947BAD55B}.Debug|x64.ActiveCfg = Debug|x64
		{C6D6708A-9285-415C-B2EF-A49947BAD55B}.Debug|x64.Build.0 = Debug|x64
		{C6D6708A-9285-415C-B2EF-A49947BAD55B}.Debug|x86.ActiveCfg = Debug|Win32
		{C6D6708A-9285-415C-B2EF-A49947BAD55B}.Debug|x86.Build.0 = Debug|Win32
		{C6D6708A-9285-415C-B2EF-A49947BAD55B}.Release|Any CPU.ActiveCfg = Release|x64
		{C6D6708A-9285-415C-B2EF-A49947BAD55B}.Release|Any CPU.Build.0 = Release|x64
		{C6D6708A-9285-415C-B2EF-A49947BAD55B}.Release|x64.ActiveCfg = Release|x64
		{C6D6708A-9285-415C-B2EF-A49947BAD55B}.Release|x64.Build.0 = Release|x64
		{C6D6708A-9285-415C-B2EF-A49947BAD55B}.Release|x86.ActiveCfg = Release|Win32
		{C6D6708A-9285-415C-B2EF-A49947BAD55B}.Release|x86.Build.0 = Release|Win32
		{044A01DA-0B4B-4B7F-8917-B58E2D8B2850}.Debug|Any CPU.ActiveCfg = Debug|Any CPU
		{044A01DA-0B4B-4B7F-8917-B58E2D8B2850}.Debug|x64.ActiveCfg = Debug|Any CPU
		{044A01DA-0B4B-4B7F-8917-B58E2D8B2850}.Debug|x86.ActiveCfg = Debug|Any CPU
		{044A01DA-0B4B-4B7F-8917-B58E2D8B2850}.Release|Any CPU.ActiveCfg = Release|Any CPU
		{044A01DA-0B4B-4B7F-8917-B58E2D8B2850}.Release|x64.ActiveCfg = Release|Any CPU
		{044A01DA-0B4B-4B7F-8917-B58E2D8B2850}.Release|x86.ActiveCfg = Release|Any CPU
		{D9D65A12-CB18-4BA5-ADD9-5085E1F09542}.Debug|Any CPU.ActiveCfg = Debug|x64
		{D9D65A12-CB18-4BA5-ADD9-5085E1F09542}.Debug|Any CPU.Build.0 = Debug|x64
		{D9D65A12-CB18-4BA5-ADD9-5085E1F09542}.Debug|x64.ActiveCfg = Debug|x64
		{D9D65A12-CB18-4BA5-ADD9-5085E1F09542}.Debug|x64.Build.0 = Debug|x64
		{D9D65A12-CB18-4BA5-ADD9-5085E1F09542}.Debug|x86.ActiveCfg = Debug|Win32
		{D9D65A12-CB18-4BA5-ADD9-5085E1F09542}.Debug|x86.Build.0 = Debug|Win32
		{D9D65A12-CB18-4BA5-ADD9-5085E1F09542}.Release|Any CPU.ActiveCfg = Release|x64
		{D9D65A12-CB18-4BA5-ADD9-5085E1F09542}.Release|Any CPU.Build.0 = Release|x64
		{D9D65A12-CB18-4BA5-ADD9-5085E1F09542}.Release|x64.ActiveCfg = Release|x64
		{D9D65A12-CB18-4BA5-ADD9-5085E1F09542}.Release|x64.Build.0 = Release|x64
		{D9D65A12-CB18-4BA5-ADD9-5085E1F09542}.Release|x86.ActiveCfg = Release|Win32
		{D9D65A12-CB18-4BA5-ADD9-5085E1F09542}.Release|x86.Build.0 = Release|Win32
		{1E13C4CD-D292-47AB-A17C-338DEBE396FE}.Debug|Any CPU.ActiveCfg = Debug|x64
		{1E13C4CD-D292-47AB-A17C-338DEBE396FE}.Debug|Any CPU.Build.0 = Debug|x64
		{1E13C4CD-D292-47AB-A17C-338DEBE396FE}.Debug|x64.ActiveCfg = Debug|x64
		{1E13C4CD-D292-47AB-A17C-338DEBE396FE}.Debug|x64.Build.0 = Debug|x64
		{1E13C4CD-D292-47AB-A17C-338DEBE396FE}.Debug|x86.ActiveCfg = Debug|Win32
		{1E13C4CD-D292-47AB-A17C-338DEBE396FE}.Debug|x86.Build.0 = Debug|Win32
		{1E13C4CD-D292-47AB-A17C-338DEBE396FE}.Release|Any CPU.ActiveCfg = Release|x64
		{1E13C4CD-D292-47AB-A17C-338DEBE396FE}.Release|Any CPU.Build.0 = Release|x64
		{1E13C4CD-D292-47AB-A17C-338DEBE396FE}.Release|x64.ActiveCfg = Release|x64
		{1E13C4CD-D292-47AB-A17C-338DEBE396FE}.Release|x64.Build.0 = Release|x64
		{1E13C4CD-D292-47AB-A17C-338DEBE396FE}.Release|x86.ActiveCfg = Release|Win32
		{1E13C4CD-D292-47AB-A17C-338DEBE396FE}.Release|x86.Build.0 = Release|Win32
		{C2EB6ED0-E7B1-4F61-8C11-CE8D34A5443C}.Debug|Any CPU.ActiveCfg = Debug|Any CPU
		{C2EB6ED0-E7B1-4F61-8C11-CE8D34A5443C}.Debug|x64.ActiveCfg = Debug|Any CPU
		{C2EB6ED0-E7B1-4F61-8C11-CE8D34A5443C}.Debug|x86.ActiveCfg = Debug|Any CPU
		{C2EB6ED0-E7B1-4F61-8C11-CE8D34A5443C}.Release|Any CPU.ActiveCfg = Release|Any CPU
		{C2EB6ED0-E7B1-4F61-8C11-CE8D34A5443C}.Release|x64.ActiveCfg = Release|Any CPU
		{C2EB6ED0-E7B1-4F61-8C11-CE8D34A5443C}.Release|x86.ActiveCfg = Release|Any CPU
		{E1E7B19C-F9A5-4DDE-A467-49FE5E4995E8}.Debug|Any CPU.ActiveCfg = Debug|x64
		{E1E7B19C-F9A5-4DDE-A467-49FE5E4995E8}.Debug|Any CPU.Build.0 = Debug|x64
		{E1E7B19C-F9A5-4DDE-A467-49FE5E4995E8}.Debug|x64.ActiveCfg = Debug|x64
		{E1E7B19C-F9A5-4DDE-A467-49FE5E4995E8}.Debug|x64.Build.0 = Debug|x64
		{E1E7B19C-F9A5-4DDE-A467-49FE5E4995E8}.Debug|x86.ActiveCfg = Debug|Win32
		{E1E7B19C-F9A5-4DDE-A467-49FE5E4995E8}.Debug|x86.Build.0 = Debug|Win32
		{E1E7B19C-F9A5-4DDE-A467-49FE5E4995E8}.Release|Any CPU.ActiveCfg = Release|x64
		{E1E7B19C-F9A5-4DDE-A467-49FE5E4995E8}.Release|Any CPU.Build.0 = Release|x64
		{E1E7B19C-F9A5-4DDE-A467-49FE5E4995E8}.Release|x64.ActiveCfg = Release|x64
		{E1E7B19C-F9A5-4DDE-A467-49FE5E4995E8}.Release|x64.Build.0 = Release|x64
		{E1E7B19C-F9A5-4DDE-A467-49FE5E4995E8}.Release|x86.ActiveCfg = Release|Win32
		{E1E7B19C-F9A5-4DDE-A467-49FE5E4995E8}.Release|x86.Build.0 = Release|Win32
		{DBE1483A-B470-428F-A11C-70A175EC66CE}.Debug|Any CPU.ActiveCfg = Debug|x64
		{DBE1483A-B470-428F-A11C-70A175EC66CE}.Debug|Any CPU.Build.0 = Debug|x64
		{DBE1483A-B470-428F-A11C-70A175EC66CE}.Debug|x64.ActiveCfg = Debug|x64
		{DBE1483A-B470-428F-A11C-70A175EC66CE}.Debug|x64.Build.0 = Debug|x64
		{DBE1483A-B470-428F-A11C-70A175EC66CE}.Debug|x86.ActiveCfg = Debug|Win32
		{DBE1483A-B470-428F-A11C-70A175EC66CE}.Debug|x86.Build.0 = Debug|Win32
		{DBE1483A-B470-428F-A11C-70A175EC66CE}.Release|Any CPU.ActiveCfg = Release|x64
		{DBE1483A-B470-428F-A11C-70A175EC66CE}.Release|Any CPU.Build.0 = Release|x64
		{DBE1483A-B470-428F-A11C-70A175EC66CE}.Release|x64.ActiveCfg = Release|x64
		{DBE1483A-B470-428F-A11C-70A175EC66CE}.Release|x64.Build.0 = Release|x64
		{DBE1483A-B470-428F-A11C-70A175EC66CE}.Release|x86.ActiveCfg = Release|Win32
		{DBE1483A-B470-428F-A11C-70A175EC66CE}.Release|x86.Build.0 = Release|Win32
		{96C6C0F0-6D6D-44DF-AF64-9C221B3ECD07}.Debug|Any CPU.ActiveCfg = Debug|x64
		{96C6C0F0-6D6D-44DF-AF64-9C221B3ECD07}.Debug|Any CPU.Build.0 = Debug|x64
		{96C6C0F0-6D6D-44DF-AF64-9C221B3ECD07}.Debug|x64.ActiveCfg = Debug|x64
		{96C6C0F0-6D6D-44DF-AF64-9C221B3ECD07}.Debug|x64.Build.0 = Debug|x64
		{96C6C0F0-6D6D-44DF-AF64-9C221B3ECD07}.Debug|x86.ActiveCfg = Debug|Win32
		{96C6C0F0-6D6D-44DF-AF64-9C221B3ECD07}.Debug|x86.Build.0 = Debug|Win32
		{96C6C0F0-6D6D-44DF-AF64-9C221B3ECD07}.Release|Any CPU.ActiveCfg = Release|x64
		{96C6C0F0-6D6D-44DF-AF64-9C221B3ECD07}.Release|Any CPU.Build.0 = Release|x64
		{96C6C0F0-6D6D-44DF-AF64-9C221B3ECD07}.Release|x64.ActiveCfg = Release|x64
		{96C6C0F0-6D6D-44DF-AF64-9C221B3ECD07}.Release|x64.Build.0 = Release|x64
		{96C6C0F0-6D6D-44DF-AF64-9C221B3ECD07}.Release|x86.ActiveCfg = Release|Win32
		{96C6C0F0-6D6D-44DF-AF64-9C221B3ECD07}.Release|x86.Build.0 = Release|Win32
	EndGlobalSection
	GlobalSection(SolutionProperties) = preSolution
		HideSolutionNode = FALSE
	EndGlobalSection
	GlobalSection(ExtensibilityGlobals) = postSolution
		SolutionGuid = {42926377-1830-4FFC-802B-39E368E3FF5C}
	EndGlobalSection
EndGlobal
